// !$*UTF8*$!
{
	archiveVersion = 1;
	classes = {
	};
	objectVersion = 56;
	objects = {
		682DE1125CDA0A2F77E98CD8 = {
			isa = "PBXFileReference";
			lastKnownFileType = "sourcecode.swift";
			path = "AcousticFeatures.swift";
			sourceTree = "<group>";
		};
		11243E79560A1B4C66C6423B = {
			isa = "PBXFileReference";
			lastKnownFileType = "sourcecode.swift";
			path = "CueEngine.swift";
			sourceTree = "<group>";
		};
		3118CCAE5937C526FD34A783 = {
			isa = "PBXFileReference";
			lastKnownFileType = "sourcecode.swift";
			path = "LumaV2.swift";
			sourceTree = "<group>";
		};
		FFAA0F37C08B0572009406ED = {
			isa = "PBXFileReference";
			lastKnownFileType = "sourcecode.swift";
			path = "Models.swift";
			sourceTree = "<group>";
		};
		6C270176EBD01586D160B953 = {
			isa = "PBXFileReference";
			lastKnownFileType = "sourcecode.swift";
			path = "MultimodalEstimator.swift";
			sourceTree = "<group>";
		};
		CC31BD96AF6D75999F0A337C = {
			isa = "PBXFileReference";
			lastKnownFileType = "sourcecode.swift";
			path = "REMEstimator.swift";
			sourceTree = "<group>";
		};
		2689667F216FF42D5BA4E031 = {
			isa = "PBXGroup";
			children = (
				"682DE1125CDA0A2F77E98CD8",
				"11243E79560A1B4C66C6423B",
				"3118CCAE5937C526FD34A783",
				"FFAA0F37C08B0572009406ED",
				"6C270176EBD01586D160B953",
				"CC31BD96AF6D75999F0A337C",
			);
			name = "Core";
			path = "Sources/LumaCore";
			sourceTree = "<group>";
		};
		E99E8CBDEEB473962C0ED3AE = {
			isa = "PBXFileReference";
			lastKnownFileType = "sourcecode.swift";
			path = "AppModel.swift";
			sourceTree = "<group>";
		};
		6CA13D2BCBB7031FCF6EBA0B = {
			isa = "PBXFileReference";
			lastKnownFileType = "sourcecode.swift";
			path = "HealthService.swift";
			sourceTree = "<group>";
		};
		6E9DD8540640E27D70827B1F = {
			isa = "PBXFileReference";
			lastKnownFileType = "sourcecode.swift";
			path = "LocalStore.swift";
			sourceTree = "<group>";
		};
		4365383AD61C0D7BA63C20FA = {
			isa = "PBXFileReference";
			lastKnownFileType = "sourcecode.swift";
			path = "NotificationService.swift";
			sourceTree = "<group>";
		};
		837802106AC3528D0ADC701D = {
			isa = "PBXFileReference";
			lastKnownFileType = "sourcecode.swift";
			path = "PhoneAudio.swift";
			sourceTree = "<group>";
		};
		73B39657AD891D6A80DF8135 = {
			isa = "PBXFileReference";
			lastKnownFileType = "sourcecode.swift";
			path = "WatchBridge.swift";
			sourceTree = "<group>";
		};
		673B7FE3400A78BBCDA4BAD0 = {
			isa = "PBXGroup";
			children = (
				"E99E8CBDEEB473962C0ED3AE",
				"6CA13D2BCBB7031FCF6EBA0B",
				"6E9DD8540640E27D70827B1F",
				"4365383AD61C0D7BA63C20FA",
				"837802106AC3528D0ADC701D",
				"73B39657AD891D6A80DF8135",
			);
			name = "Services";
			path = "Sources/Platform";
			sourceTree = "<group>";
		};
		8DE81E5353C11E33D2765DDC = {
			isa = "PBXFileReference";
			lastKnownFileType = "sourcecode.swift";
			path = "AlarmEditor.swift";
			sourceTree = "<group>";
		};
		35785E208BBA03C69FD14ED6 = {
			isa = "PBXFileReference";
			lastKnownFileType = "sourcecode.swift";
			path = "DesignSystem.swift";
			sourceTree = "<group>";
		};
		4A50E4446BB96376B27818C0 = {
			isa = "PBXFileReference";
			lastKnownFileType = "sourcecode.swift";
			path = "JournalView.swift";
			sourceTree = "<group>";
		};
		8064301C3357AAFEAEF3276D = {
			isa = "PBXFileReference";
			lastKnownFileType = "sourcecode.swift";
			path = "LumaApp.swift";
			sourceTree = "<group>";
		};
		403BEDE476C142E4B1D47D58 = {
			isa = "PBXFileReference";
			lastKnownFileType = "sourcecode.swift";
			path = "PhoneRootView.swift";
			sourceTree = "<group>";
		};
		DAAB7B546565E422B592345E = {
			isa = "PBXFileReference";
			lastKnownFileType = "sourcecode.swift";
			path = "SettingsView.swift";
			sourceTree = "<group>";
		};
		E9E2849FB60CD54DF94A678F = {
			isa = "PBXGroup";
			children = (
				"8DE81E5353C11E33D2765DDC",
				"35785E208BBA03C69FD14ED6",
				"4A50E4446BB96376B27818C0",
				"8064301C3357AAFEAEF3276D",
				"403BEDE476C142E4B1D47D58",
				"DAAB7B546565E422B592345E",
			);
			name = "iPhone";
			path = "Sources/iPhone";
			sourceTree = "<group>";
		};
		8AA95529481743860DBCC920 = {
			isa = "PBXFileReference";
			lastKnownFileType = "sourcecode.swift";
			path = "FiniteHaptics.swift";
			sourceTree = "<group>";
		};
		4F799F736BC90D3252CAA756 = {
			isa = "PBXFileReference";
			lastKnownFileType = "sourcecode.swift";
			path = "LumaWatchApp.swift";
			sourceTree = "<group>";
		};
		DB2064EF917521D4368854F2 = {
			isa = "PBXFileReference";
			lastKnownFileType = "sourcecode.swift";
			path = "MotionService.swift";
			sourceTree = "<group>";
		};
		FF70DFB017447926AA4458D5 = {
			isa = "PBXFileReference";
			lastKnownFileType = "sourcecode.swift";
			path = "WatchRootView.swift";
			sourceTree = "<group>";
		};
		D4A55D39DC57BCE20D003C4F = {
			isa = "PBXGroup";
			children = (
				"8AA95529481743860DBCC920",
				"4F799F736BC90D3252CAA756",
				"DB2064EF917521D4368854F2",
				"FF70DFB017447926AA4458D5",
			);
			name = "Apple Watch";
			path = "Sources/Watch";
			sourceTree = "<group>";
		};
		DC3FF27F59841F376E6F05FC = {
			isa = "PBXFileReference";
			lastKnownFileType = "folder.assetcatalog";
			path = "iOSAssets.xcassets";
			sourceTree = "<group>";
		};
		6B4AF05FFC04E91DD2FB06CB = {
			isa = "PBXFileReference";
			lastKnownFileType = "folder.assetcatalog";
			path = "WatchAssets.xcassets";
			sourceTree = "<group>";
		};
		EAAAAEC84AAE203874A82FCF = {
			isa = "PBXFileReference";
			lastKnownFileType = "text.xml";
			path = "PrivacyInfo.xcprivacy";
			sourceTree = "<group>";
		};
		B9DC3BC6E1BFAE57F3FCF0A2 = {
			isa = "PBXFileReference";
			lastKnownFileType = "file";
			path = "Manrope-Regular.ttf";
			sourceTree = "<group>";
		};
		E8C49637CFABC74024000F6A = {
			isa = "PBXFileReference";
			lastKnownFileType = "file";
			path = "Manrope-Medium.ttf";
			sourceTree = "<group>";
		};
		0BBABA34E50266C84D94A5FD = {
			isa = "PBXFileReference";
			lastKnownFileType = "file";
			path = "Manrope-SemiBold.ttf";
			sourceTree = "<group>";
		};
		E13BDEBC706323351C2C4611 = {
			isa = "PBXFileReference";
			lastKnownFileType = "audio.wav";
			path = "luma-tone-4.wav";
			sourceTree = "<group>";
		};
		F7AC7779E8548CF5343ED291 = {
			isa = "PBXFileReference";
			lastKnownFileType = "audio.wav";
			path = "luma-tone-8.wav";
			sourceTree = "<group>";
		};
		EC7D3D3EBE7FB16E9172BF49 = {
			isa = "PBXFileReference";
			lastKnownFileType = "audio.wav";
			path = "luma-tone-15.wav";
			sourceTree = "<group>";
		};
		87DF60DE337FB58864343E39 = {
			isa = "PBXGroup";
			children = (
				"DC3FF27F59841F376E6F05FC",
				"6B4AF05FFC04E91DD2FB06CB",
				"EAAAAEC84AAE203874A82FCF",
				"B9DC3BC6E1BFAE57F3FCF0A2",
				"E8C49637CFABC74024000F6A",
				"0BBABA34E50266C84D94A5FD",
				"E13BDEBC706323351C2C4611",
				"F7AC7779E8548CF5343ED291",
				"EC7D3D3EBE7FB16E9172BF49",
			);
			path = "Resources";
			sourceTree = "<group>";
		};
		7A7545181AD0CEC0A0CC4454 = {
			isa = "PBXFileReference";
			lastKnownFileType = "text.xcconfig";
			path = "Base.xcconfig";
			sourceTree = "<group>";
		};
		B3BAA1DE4B81491FFE9123E0 = {
			isa = "PBXFileReference";
			lastKnownFileType = "text.plist.xml";
			path = "iOS-Info.plist";
			sourceTree = "<group>";
		};
		5DFB7FDB3984E24B03CCB02F = {
			isa = "PBXFileReference";
			lastKnownFileType = "text.plist.xml";
			path = "Watch-Info.plist";
			sourceTree = "<group>";
		};
		E8A7A153C89A389FA3B68BD3 = {
			isa = "PBXFileReference";
			lastKnownFileType = "text.plist.xml";
			path = "iOS.entitlements";
			sourceTree = "<group>";
		};
		541B315713AF52A1C86EDA65 = {
			isa = "PBXFileReference";
			lastKnownFileType = "text.plist.xml";
			path = "Watch.entitlements";
			sourceTree = "<group>";
		};
		8851142DA56FD885CE668A16 = {
			isa = "PBXGroup";
			children = (
				"7A7545181AD0CEC0A0CC4454",
				"B3BAA1DE4B81491FFE9123E0",
				"5DFB7FDB3984E24B03CCB02F",
				"E8A7A153C89A389FA3B68BD3",
				"541B315713AF52A1C86EDA65",
			);
			path = "Config";
			sourceTree = "<group>";
		};
		0106B7A7DD191675235ECDD4 = {
			isa = "PBXFileReference";
			explicitFileType = "wrapper.application";
			path = "Luma.app";
			sourceTree = "BUILT_PRODUCTS_DIR";
			includeInIndex = 0;
		};
		F5833FB21E05CD68F99C4426 = {
			isa = "PBXFileReference";
			explicitFileType = "wrapper.application";
			path = "Luma Watch.app";
			sourceTree = "BUILT_PRODUCTS_DIR";
			includeInIndex = 0;
		};
		FBDC4F23F93125BBEEAE800C = {
			isa = "PBXGroup";
			name = "Products";
			children = (
				"0106B7A7DD191675235ECDD4",
				"F5833FB21E05CD68F99C4426",
			);
			sourceTree = "<group>";
		};
		B28B7AF69320201D1CF206EB = {
			isa = "PBXGroup";
			children = (
				"2689667F216FF42D5BA4E031",
				"673B7FE3400A78BBCDA4BAD0",
				"E9E2849FB60CD54DF94A678F",
				"D4A55D39DC57BCE20D003C4F",
				"87DF60DE337FB58864343E39",
				"8851142DA56FD885CE668A16",
				"FBDC4F23F93125BBEEAE800C",
			);
			sourceTree = "<group>";
		};
		C0E6444CD17CE9188A77A6B4 = {
			isa = "XCBuildConfiguration";
			name = "Debug";
			buildSettings = {
				CLANG_ENABLE_MODULES = "YES";
				CLANG_ENABLE_OBJC_ARC = "YES";
				SWIFT_VERSION = "5.0";
				SWIFT_STRICT_CONCURRENCY = "minimal";
				SWIFT_OPTIMIZATION_LEVEL = "-Onone";
				SWIFT_ACTIVE_COMPILATION_CONDITIONS = "$(inherited) DEBUG";
				DEBUG_INFORMATION_FORMAT = "dwarf";
			};
			baseConfigurationReference = "7A7545181AD0CEC0A0CC4454";
		};
		36E5F0FFEFAC914B9E06BE66 = {
			isa = "XCBuildConfiguration";
			name = "Release";
			buildSettings = {
				CLANG_ENABLE_MODULES = "YES";
				CLANG_ENABLE_OBJC_ARC = "YES";
				SWIFT_VERSION = "5.0";
				SWIFT_STRICT_CONCURRENCY = "minimal";
				SWIFT_OPTIMIZATION_LEVEL = "-O";
				SWIFT_ACTIVE_COMPILATION_CONDITIONS = "$(inherited)";
				DEBUG_INFORMATION_FORMAT = "dwarf-with-dsym";
			};
			baseConfigurationReference = "7A7545181AD0CEC0A0CC4454";
		};
		12494917404F7A846CB0E619 = {
			isa = "XCConfigurationList";
			buildConfigurations = (
				"C0E6444CD17CE9188A77A6B4",
				"36E5F0FFEFAC914B9E06BE66",
			);
			defaultConfigurationIsVisible = 0;
			defaultConfigurationName = "Release";
		};
		B89D3B7FB9FCEF507A0BE509 = {
			isa = "XCBuildConfiguration";
			name = "Debug";
			buildSettings = {
				PRODUCT_NAME = "Luma";
				PRODUCT_BUNDLE_IDENTIFIER = "$(LUMA_BUNDLE_PREFIX)";
				SDKROOT = "iphoneos";
				SUPPORTED_PLATFORMS = "iphoneos iphonesimulator";
				TARGETED_DEVICE_FAMILY = "1";
				IPHONEOS_DEPLOYMENT_TARGET = "17.0";
				INFOPLIST_FILE = "Config/iOS-Info.plist";
				CODE_SIGN_ENTITLEMENTS = "Config/iOS.entitlements";
				ASSETCATALOG_COMPILER_APPICON_NAME = "AppIcon";
				GENERATE_INFOPLIST_FILE = "NO";
				LD_RUNPATH_SEARCH_PATHS = "$(inherited) @executable_path/Frameworks";
				SUPPORTS_MACCATALYST = "NO";
				SUPPORTS_MAC_DESIGNED_FOR_IPHONE_IPAD = "NO";
				ENABLE_PREVIEWS = "YES";
				SWIFT_OPTIMIZATION_LEVEL = "-Onone";
				SWIFT_ACTIVE_COMPILATION_CONDITIONS = "$(inherited) DEBUG";
				DEBUG_INFORMATION_FORMAT = "dwarf";
			};
		};
		6061E3D335F77C60820D8654 = {
			isa = "XCBuildConfiguration";
			name = "Release";
			buildSettings = {
				PRODUCT_NAME = "Luma";
				PRODUCT_BUNDLE_IDENTIFIER = "$(LUMA_BUNDLE_PREFIX)";
				SDKROOT = "iphoneos";
				SUPPORTED_PLATFORMS = "iphoneos iphonesimulator";
				TARGETED_DEVICE_FAMILY = "1";
				IPHONEOS_DEPLOYMENT_TARGET = "17.0";
				INFOPLIST_FILE = "Config/iOS-Info.plist";
				CODE_SIGN_ENTITLEMENTS = "Config/iOS.entitlements";
				ASSETCATALOG_COMPILER_APPICON_NAME = "AppIcon";
				GENERATE_INFOPLIST_FILE = "NO";
				LD_RUNPATH_SEARCH_PATHS = "$(inherited) @executable_path/Frameworks";
				SUPPORTS_MACCATALYST = "NO";
				SUPPORTS_MAC_DESIGNED_FOR_IPHONE_IPAD = "NO";
				ENABLE_PREVIEWS = "YES";
				SWIFT_OPTIMIZATION_LEVEL = "-O";
				SWIFT_ACTIVE_COMPILATION_CONDITIONS = "$(inherited)";
				DEBUG_INFORMATION_FORMAT = "dwarf-with-dsym";
			};
		};
		B6C593427AEE791DE91040BF = {
			isa = "XCConfigurationList";
			buildConfigurations = (
				"B89D3B7FB9FCEF507A0BE509",
				"6061E3D335F77C60820D8654",
			);
			defaultConfigurationIsVisible = 0;
			defaultConfigurationName = "Release";
		};
		36AFE429344AFC78E0C0CBC9 = {
			isa = "XCBuildConfiguration";
			name = "Debug";
			buildSettings = {
				PRODUCT_NAME = "Luma Watch";
				PRODUCT_BUNDLE_IDENTIFIER = "$(LUMA_BUNDLE_PREFIX).watchkitapp";
				SDKROOT = "watchos";
				SUPPORTED_PLATFORMS = "watchos watchsimulator";
				TARGETED_DEVICE_FAMILY = "4";
				WATCHOS_DEPLOYMENT_TARGET = "10.0";
				INFOPLIST_FILE = "Config/Watch-Info.plist";
				CODE_SIGN_ENTITLEMENTS = "Config/Watch.entitlements";
				ASSETCATALOG_COMPILER_APPICON_NAME = "AppIcon";
				GENERATE_INFOPLIST_FILE = "NO";
				SKIP_INSTALL = "YES";
				ENABLE_PREVIEWS = "YES";
				LD_RUNPATH_SEARCH_PATHS = "$(inherited) @executable_path/Frameworks";
				SWIFT_OPTIMIZATION_LEVEL = "-Onone";
				SWIFT_ACTIVE_COMPILATION_CONDITIONS = "$(inherited) DEBUG";
				DEBUG_INFORMATION_FORMAT = "dwarf";
			};
		};
		AF6457B0868CD7AF66498D5F = {
			isa = "XCBuildConfiguration";
			name = "Release";
			buildSettings = {
				PRODUCT_NAME = "Luma Watch";
				PRODUCT_BUNDLE_IDENTIFIER = "$(LUMA_BUNDLE_PREFIX).watchkitapp";
				SDKROOT = "watchos";
				SUPPORTED_PLATFORMS = "watchos watchsimulator";
				TARGETED_DEVICE_FAMILY = "4";
				WATCHOS_DEPLOYMENT_TARGET = "10.0";
				INFOPLIST_FILE = "Config/Watch-Info.plist";
				CODE_SIGN_ENTITLEMENTS = "Config/Watch.entitlements";
				ASSETCATALOG_COMPILER_APPICON_NAME = "AppIcon";
				GENERATE_INFOPLIST_FILE = "NO";
				SKIP_INSTALL = "YES";
				ENABLE_PREVIEWS = "YES";
				LD_RUNPATH_SEARCH_PATHS = "$(inherited) @executable_path/Frameworks";
				SWIFT_OPTIMIZATION_LEVEL = "-O";
				SWIFT_ACTIVE_COMPILATION_CONDITIONS = "$(inherited)";
				DEBUG_INFORMATION_FORMAT = "dwarf-with-dsym";
			};
		};
		EE59A5C0B955777962E4C11A = {
			isa = "XCConfigurationList";
			buildConfigurations = (
				"36AFE429344AFC78E0C0CBC9",
				"AF6457B0868CD7AF66498D5F",
			);
			defaultConfigurationIsVisible = 0;
			defaultConfigurationName = "Release";
		};
		B4216FCCFC74B86FE9291531 = {
			isa = "PBXBuildFile";
			fileRef = "682DE1125CDA0A2F77E98CD8";
		};
		057A1FA6B42B3D7B4B3AC06A = {
			isa = "PBXBuildFile";
			fileRef = "11243E79560A1B4C66C6423B";
		};
		6235EDF3ACD08C1D9F1323D3 = {
			isa = "PBXBuildFile";
			fileRef = "3118CCAE5937C526FD34A783";
		};
		B0DD5EFFD8F5FA6F1079A9F2 = {
			isa = "PBXBuildFile";
			fileRef = "FFAA0F37C08B0572009406ED";
		};
		09B706F8318D00DB80E41480 = {
			isa = "PBXBuildFile";
			fileRef = "6C270176EBD01586D160B953";
		};
		A01950427884A6B834992B92 = {
			isa = "PBXBuildFile";
			fileRef = "CC31BD96AF6D75999F0A337C";
		};
		2D7C59F5B6C4970D7DCF55F3 = {
			isa = "PBXBuildFile";
			fileRef = "E99E8CBDEEB473962C0ED3AE";
		};
		1C7DC9ABBE29E6EF8E3412F5 = {
			isa = "PBXBuildFile";
			fileRef = "6CA13D2BCBB7031FCF6EBA0B";
		};
		859C604AD3B768D322D43EEA = {
			isa = "PBXBuildFile";
			fileRef = "6E9DD8540640E27D70827B1F";
		};
		7B35A5846CA70D33B7D6A9FC = {
			isa = "PBXBuildFile";
			fileRef = "4365383AD61C0D7BA63C20FA";
		};
		4314DD68C2B6C51F81102E6E = {
			isa = "PBXBuildFile";
			fileRef = "837802106AC3528D0ADC701D";
		};
		A412464C0D53C5EAC73F82BB = {
			isa = "PBXBuildFile";
			fileRef = "73B39657AD891D6A80DF8135";
		};
		027AF4E38A3C8BED8ED4BFB6 = {
			isa = "PBXBuildFile";
			fileRef = "8DE81E5353C11E33D2765DDC";
		};
		A0B6248FE883DD6744B39130 = {
			isa = "PBXBuildFile";
			fileRef = "35785E208BBA03C69FD14ED6";
		};
		C2D0F1F5A897C0D914E0618D = {
			isa = "PBXBuildFile";
			fileRef = "4A50E4446BB96376B27818C0";
		};
		99390F7C8CDA897EF47EAF6A = {
			isa = "PBXBuildFile";
			fileRef = "8064301C3357AAFEAEF3276D";
		};
		642465F74203C24BB8D0D84D = {
			isa = "PBXBuildFile";
			fileRef = "403BEDE476C142E4B1D47D58";
		};
		5EAAB8D26D4BBFE7A79A5FCD = {
			isa = "PBXBuildFile";
			fileRef = "DAAB7B546565E422B592345E";
		};
		EA52A365800D1BF3180056F4 = {
			isa = "PBXSourcesBuildPhase";
			buildActionMask = 2147483647;
			files = (
				"B4216FCCFC74B86FE9291531",
				"057A1FA6B42B3D7B4B3AC06A",
				"6235EDF3ACD08C1D9F1323D3",
				"B0DD5EFFD8F5FA6F1079A9F2",
				"09B706F8318D00DB80E41480",
				"A01950427884A6B834992B92",
				"2D7C59F5B6C4970D7DCF55F3",
				"1C7DC9ABBE29E6EF8E3412F5",
				"859C604AD3B768D322D43EEA",
				"7B35A5846CA70D33B7D6A9FC",
				"4314DD68C2B6C51F81102E6E",
				"A412464C0D53C5EAC73F82BB",
				"027AF4E38A3C8BED8ED4BFB6",
				"A0B6248FE883DD6744B39130",
				"C2D0F1F5A897C0D914E0618D",
				"99390F7C8CDA897EF47EAF6A",
				"642465F74203C24BB8D0D84D",
				"5EAAB8D26D4BBFE7A79A5FCD",
			);
			runOnlyForDeploymentPostprocessing = 0;
		};
		7E2F1B80873CEE91F74D512C = {
			isa = "PBXBuildFile";
			fileRef = "682DE1125CDA0A2F77E98CD8";
		};
		60AA3112C01E96416A7EECC2 = {
			isa = "PBXBuildFile";
			fileRef = "11243E79560A1B4C66C6423B";
		};
		630AB367A04C531CF6A873E6 = {
			isa = "PBXBuildFile";
			fileRef = "3118CCAE5937C526FD34A783";
		};
		78095E615F5D59139F7307CB = {
			isa = "PBXBuildFile";
			fileRef = "FFAA0F37C08B0572009406ED";
		};
		0BFF7E12B88FD3C8DC2FDEA6 = {
			isa = "PBXBuildFile";
			fileRef = "6C270176EBD01586D160B953";
		};
		93D596FC40F8DE62839FF65B = {
			isa = "PBXBuildFile";
			fileRef = "CC31BD96AF6D75999F0A337C";
		};
		BDFB35FF9880AD76760E1CB8 = {
			isa = "PBXBuildFile";
			fileRef = "E99E8CBDEEB473962C0ED3AE";
		};
		860E2C4C57A838BF67BA2DCA = {
			isa = "PBXBuildFile";
			fileRef = "6CA13D2BCBB7031FCF6EBA0B";
		};
		B0FDD06BB0987C61EAD1D59E = {
			isa = "PBXBuildFile";
			fileRef = "6E9DD8540640E27D70827B1F";
		};
		82392F6689C916ECD59CBCF0 = {
			isa = "PBXBuildFile";
			fileRef = "4365383AD61C0D7BA63C20FA";
		};
		0688D2FEADD221CFAA487746 = {
			isa = "PBXBuildFile";
			fileRef = "837802106AC3528D0ADC701D";
		};
		1AD06CA8619B412478A5849B = {
			isa = "PBXBuildFile";
			fileRef = "73B39657AD891D6A80DF8135";
		};
		8FAD5774765F2FA64685CFF6 = {
			isa = "PBXBuildFile";
			fileRef = "8AA95529481743860DBCC920";
		};
		09B5C67198113C9FD2326781 = {
			isa = "PBXBuildFile";
			fileRef = "4F799F736BC90D3252CAA756";
		};
		3C5BC376195E3BF22EA80BED = {
			isa = "PBXBuildFile";
			fileRef = "DB2064EF917521D4368854F2";
		};
		3B9E32DE2C8B0180DBA0FDD1 = {
			isa = "PBXBuildFile";
			fileRef = "FF70DFB017447926AA4458D5";
		};
		CD3F8AFD6DBBDFD9F5BDB28D = {
			isa = "PBXSourcesBuildPhase";
			buildActionMask = 2147483647;
			files = (
				"7E2F1B80873CEE91F74D512C",
				"60AA3112C01E96416A7EECC2",
				"630AB367A04C531CF6A873E6",
				"78095E615F5D59139F7307CB",
				"0BFF7E12B88FD3C8DC2FDEA6",
				"93D596FC40F8DE62839FF65B",
				"BDFB35FF9880AD76760E1CB8",
				"860E2C4C57A838BF67BA2DCA",
				"B0FDD06BB0987C61EAD1D59E",
				"82392F6689C916ECD59CBCF0",
				"0688D2FEADD221CFAA487746",
				"1AD06CA8619B412478A5849B",
				"8FAD5774765F2FA64685CFF6",
				"09B5C67198113C9FD2326781",
				"3C5BC376195E3BF22EA80BED",
				"3B9E32DE2C8B0180DBA0FDD1",
			);
			runOnlyForDeploymentPostprocessing = 0;
		};
		3F58D3C349C53069A4BA60F9 = {
			isa = "PBXBuildFile";
			fileRef = "DC3FF27F59841F376E6F05FC";
		};
		7FCC6F630ADB048A34A3051F = {
			isa = "PBXBuildFile";
			fileRef = "EAAAAEC84AAE203874A82FCF";
		};
		B463EAF196A45902B55F6E6F = {
			isa = "PBXBuildFile";
			fileRef = "B9DC3BC6E1BFAE57F3FCF0A2";
		};
		9375496EE09FCDC575E23D80 = {
			isa = "PBXBuildFile";
			fileRef = "E8C49637CFABC74024000F6A";
		};
		8C6DC620B86F0730CF1BA145 = {
			isa = "PBXBuildFile";
			fileRef = "0BBABA34E50266C84D94A5FD";
		};
		8BE4B53C6654E49A381AB243 = {
			isa = "PBXBuildFile";
			fileRef = "E13BDEBC706323351C2C4611";
		};
		85D85180E7D726A1F55F874F = {
			isa = "PBXBuildFile";
			fileRef = "F7AC7779E8548CF5343ED291";
		};
		8D93108AF3CBCCB5EF88F47F = {
			isa = "PBXBuildFile";
			fileRef = "EC7D3D3EBE7FB16E9172BF49";
		};
		EFF71D236AD8CB2A56B279C9 = {
			isa = "PBXResourcesBuildPhase";
			buildActionMask = 2147483647;
			files = (
				"3F58D3C349C53069A4BA60F9",
				"7FCC6F630ADB048A34A3051F",
				"B463EAF196A45902B55F6E6F",
				"9375496EE09FCDC575E23D80",
				"8C6DC620B86F0730CF1BA145",
				"8BE4B53C6654E49A381AB243",
				"85D85180E7D726A1F55F874F",
				"8D93108AF3CBCCB5EF88F47F",
			);
			runOnlyForDeploymentPostprocessing = 0;
		};
		627C7A87A345856BB61E907C = {
			isa = "PBXBuildFile";
			fileRef = "6B4AF05FFC04E91DD2FB06CB";
		};
		A4DA5A774528F9DBB99BB38F = {
			isa = "PBXBuildFile";
			fileRef = "EAAAAEC84AAE203874A82FCF";
		};
		CCE1E81DFB68B5621E64262B = {
			isa = "PBXBuildFile";
			fileRef = "B9DC3BC6E1BFAE57F3FCF0A2";
		};
		6677AF17233CEE95C29F6236 = {
			isa = "PBXBuildFile";
			fileRef = "E8C49637CFABC74024000F6A";
		};
		9BCFEA3A9C1433AEE1BD26DF = {
			isa = "PBXBuildFile";
			fileRef = "0BBABA34E50266C84D94A5FD";
		};
		17BE3E696A7C62606E17CCF5 = {
			isa = "PBXResourcesBuildPhase";
			buildActionMask = 2147483647;
			files = (
				"627C7A87A345856BB61E907C",
				"A4DA5A774528F9DBB99BB38F",
				"CCE1E81DFB68B5621E64262B",
				"6677AF17233CEE95C29F6236",
				"9BCFEA3A9C1433AEE1BD26DF",
			);
			runOnlyForDeploymentPostprocessing = 0;
		};
		4AC8CBCE7F289ED8DDD7D66A = {
			isa = "PBXFrameworksBuildPhase";
			buildActionMask = 2147483647;
			files = (
			);
			runOnlyForDeploymentPostprocessing = 0;
		};
		8A3E0281258E3244C506EEE9 = {
			isa = "PBXFrameworksBuildPhase";
			buildActionMask = 2147483647;
			files = (
			);
			runOnlyForDeploymentPostprocessing = 0;
		};
		0764E7236D67D079DDECC835 = {
			isa = "PBXBuildFile";
			fileRef = "F5833FB21E05CD68F99C4426";
			settings = {
				ATTRIBUTES = (
					"RemoveHeadersOnCopy",
				);
			};
		};
		6875401988B5EAB01E62EC01 = {
			isa = "PBXCopyFilesBuildPhase";
			buildActionMask = 2147483647;
			dstPath = "$(CONTENTS_FOLDER_PATH)/Watch";
			dstSubfolderSpec = 16;
			files = (
				"0764E7236D67D079DDECC835",
			);
			name = "Embed Watch Content";
			runOnlyForDeploymentPostprocessing = 0;
		};
		FCDA9C0EBBE9EE5C1FF223AC = {
			isa = "PBXContainerItemProxy";
			containerPortal = "98F54143AB4E86B28C3AFEE0";
			proxyType = 1;
			remoteGlobalIDString = "B1CFA369DE2BF825E98EE343";
			remoteInfo = "Luma Watch";
		};
		D10E12252A18663817E44F89 = {
			isa = "PBXTargetDependency";
			target = "B1CFA369DE2BF825E98EE343";
			targetProxy = "FCDA9C0EBBE9EE5C1FF223AC";
		};
		32210FCB375F462AE26CA60F = {
			isa = "PBXNativeTarget";
			buildConfigurationList = "B6C593427AEE791DE91040BF";
			buildPhases = (
				"EA52A365800D1BF3180056F4",
				"4AC8CBCE7F289ED8DDD7D66A",
				"EFF71D236AD8CB2A56B279C9",
				"6875401988B5EAB01E62EC01",
			);
			buildRules = (
			);
			dependencies = (
				"D10E12252A18663817E44F89",
			);
			name = "Luma";
			productName = "Luma";
			productReference = "0106B7A7DD191675235ECDD4";
			productType = "com.apple.product-type.application";
		};
		B1CFA369DE2BF825E98EE343 = {
			isa = "PBXNativeTarget";
			buildConfigurationList = "EE59A5C0B955777962E4C11A";
			buildPhases = (
				"CD3F8AFD6DBBDFD9F5BDB28D",
				"8A3E0281258E3244C506EEE9",
				"17BE3E696A7C62606E17CCF5",
			);
			buildRules = (
			);
			dependencies = (
			);
			name = "Luma Watch";
			productName = "Luma Watch";
			productReference = "F5833FB21E05CD68F99C4426";
			productType = "com.apple.product-type.application";
		};
		98F54143AB4E86B28C3AFEE0 = {
			isa = "PBXProject";
			attributes = {
				BuildIndependentTargetsInParallel = "YES";
				LastSwiftUpdateCheck = "1600";
				LastUpgradeCheck = "1600";
				TargetAttributes = {
					32210FCB375F462AE26CA60F = {
						CreatedOnToolsVersion = "16.0";
					};
					B1CFA369DE2BF825E98EE343 = {
						CreatedOnToolsVersion = "16.0";
					};
				};
			};
			buildConfigurationList = "12494917404F7A846CB0E619";
			compatibilityVersion = "Xcode 14.0";
			developmentRegion = "ru";
			hasScannedForEncodings = 0;
			knownRegions = (
				"ru",
				"en",
				"Base",
			);
			mainGroup = "B28B7AF69320201D1CF206EB";
			productRefGroup = "FBDC4F23F93125BBEEAE800C";
			projectDirPath = "";
			projectRoot = "";
			targets = (
				"32210FCB375F462AE26CA60F",
				"B1CFA369DE2BF825E98EE343",
			);
		};
	};
	rootObject = "98F54143AB4E86B28C3AFEE0";
}
